github.com/gookit/color v1.5.4 h1:FZmqs7XOyGgCAxmWyPslpiok1k05wmY3SJTytgvYFs0=
github.com/gookit/color v1.5.4/go.mod h1:pZJOeOS8DM43rXbp4AZo1n9zCU2qjpcRko0b6/QJi9w=
github.com/gookit/goutil v0.6.14 h1:96elyOG4BvVoDaiT7vx1vHPrVyEtFfYlPPBODR0/FGQ=
github.com/gookit/goutil v0.6.14/go.mod h1:YyDBddefmjS+mU2PDPgCcjVzTDM5WgExiDv5ZA/b8I8=
github.com/gookit/gsr v0.1.0 h1:0gadWaYGU4phMs0bma38t+Do5OZowRMEVlHv31p0Zig=
github.com/gookit/gsr v0.1.0/go.mod h1:7wv4Y4WCnil8+DlDYHBjidzrEzfHhXEoFjEA0pPPWpI=
github.com/gookit/slog v0.5.4 h1:EMctf/kap/SR8cnhkUucL0D3YZwUAJJ+WKQ/DN6kS5s=
github.com/gookit/slog v0.5.4/go.mod h1:awroa12zroMvjFpS7tdpTX12AqIzVewUlC10tsj4TYY=
github.com/hanakogo/errhandlergo v1.0.0 h1:/yiDpKfnA0Oul6+KoPUZKLOj6LLMmlyJ6fUJBp4xwZw=
github.com/hanakogo/errhandlergo v1.0.0/go.mod h1:3iSYj6vcpiYH94gzNRSz0V6lNOwYgg2mkYk3krH3GLU=
github.com/hanakogo/exceptiongo v1.0.1 h1:DA7oxoBb1sWELmdhpXABaxM3Dsfjo2kJFQ9bXMzrOko=
github.com/hanakogo/exceptiongo v1.0.1/go.mod h1:x1EADiCu6XDWvpOH1rIoFcarozEEbQU84dmDJ69Mviw=
github.com/hanakogo/hanakoutilgo v0.1.1 h1:IYkmIBfLKLFJ2pfLCL0cly94J62g2lDZ8q4tib+mc9g=
github.com/hanakogo/hanakoutilgo v0.1.1/go.mod h1:51F8zkGXlBAS0eGtwFHaYhSBB1oHwgGjT/jO68NsYl4=
github.com/valyala/bytebufferpool v1.0.0 h1:GqA5TC/0021Y/b9FG4Oi9Mr3q7XYx6KllzawFIhcdPw=
github.com/valyala/bytebufferpool v1.0.0/go.mod h1:6bBcMArwyJ5K/AmCkWv1jt77kVWyCJ6HpOuEn7z0Csc=
github.com/xo/terminfo v0.0.0-20220910002029-abceb7e1c41e h1:JVG44RsyaB9T2KIHavMF/ppJZNG9ZpyihvCd0w101no=
github.com/xo/terminfo v0.0.0-20220910002029-abceb7e1c41e/go.mod h1:RbqR21r5mrJuqunuUZ/Dhy/avygyECGrLceyNeo4LiM=
golang.org/x/sync v0.4.0 h1:zxkM55ReGkDlKSM+Fu41A+zmbZuaPVbGMzvvdUPznYQ=
golang.org/x/sync v0.4.0/go.mod h1:FU7BRWz2tNW+3quACPkgCx/L+uEAv1htQ0V83Z9Rj+Y=
golang.org/x/sys v0.13.0 h1:Af8nKPmuFypiUBjVoU9V20FiaFXOcuZI21p0ycVYYGE=
golang.org/x/sys v0.13.0/go.mod h1:oPkhp1MJrh7nUepCBck5+mAzfO9JrbApNNgaTdGDITg=
golang.org/x/text v0.13.0 h1:ablQoSUd0tRdKxZewP80B+BaqeKJuVhuRxj/dkrun3k=
golang.org/x/text v0.13.0/go.mod h1:TvPlkZtksWOMsz7fbANvkp4WM8x/WCo/om8BMLbz+aE=
gonum.org/v1/gonum v0.14.0 h1:2NiG67LD1tEH0D7kM+ps2V+fXmsAnpUeec7n8tcr4S0=
gonum.org/v1/gonum v0.14.0/go.mod h1:AoWeoz0becf9QMWtE8iWXNXc27fK4fNeHNf/oMejGfU=
